
Microsoft Visual Studio Solution File, Format Version 12.00
# Visual Studio 14
VisualStudioVersion = 14.0.24720.0
MinimumVisualStudioVersion = 10.0.40219.1
Project("{FAE04EC0-301F-11D3-BF4B-00C04F79EFBC}") = "ShopManager", "ShopManager\ShopManager.csproj", "{0D90433F-BFEC-4E20-B431-B43B617FF1A3}"
EndProject
Project("{FAE04EC0-301F-11D3-BF4B-00C04F79EFBC}") = "Server", "Server\Server.csproj", "{072338A2-9A67-4C6A-9F32-F768F7719250}"
EndProject
Project("{FAE04EC0-301F-11D3-BF4B-00C04F79EFBC}") = "ShopManagerClasses", "ShopManagerClasses\ShopManagerClasses.csproj", "{53E57CC0-89EB-4AB5-9469-39ECFFD46DAE}"
EndProject
Project("{FAE04EC0-301F-11D3-BF4B-00C04F79EFBC}") = "ManagerLogger", "ManagerLogger\ManagerLogger.csproj", "{053A06EE-4516-4087-8444-B3C4C8825893}"
EndProject
Global
	GlobalSection(SolutionConfigurationPlatforms) = preSolution
		Debug|Any CPU = Debug|Any CPU
		Release|Any CPU = Release|Any CPU
	EndGlobalSection
	GlobalSection(ProjectConfigurationPlatforms) = postSolution
		{0D90433F-BFEC-4E20-B431-B43B617FF1A3}.Debug|Any CPU.ActiveCfg = Debug|Any CPU
		{0D90433F-BFEC-4E20-B431-B43B617FF1A3}.Debug|Any CPU.Build.0 = Debug|Any CPU
		{0D90433F-BFEC-4E20-B431-B43B617FF1A3}.Release|Any CPU.ActiveCfg = Release|Any CPU
		{0D90433F-BFEC-4E20-B431-B43B617FF1A3}.Release|Any CPU.Build.0 = Release|Any CPU
		{072338A2-9A67-4C6A-9F32-F768F7719250}.Debug|Any CPU.ActiveCfg = Debug|Any CPU
		{072338A2-9A67-4C6A-9F32-F768F7719250}.Debug|Any CPU.Build.0 = Debug|Any CPU
		{072338A2-9A67-4C6A-9F32-F768F7719250}.Release|Any CPU.ActiveCfg = Release|Any CPU
		{072338A2-9A67-4C6A-9F32-F768F7719250}.Release|Any CPU.Build.0 = Release|Any CPU
		{53E57CC0-89EB-4AB5-9469-39ECFFD46DAE}.Debug|Any CPU.ActiveCfg = Debug|Any CPU
		{53E57CC0-89EB-4AB5-9469-39ECFFD46DAE}.Debug|Any CPU.Build.0 = Debug|Any CPU
		{53E57CC0-89EB-4AB5-9469-39ECFFD46DAE}.Release|Any CPU.ActiveCfg = Release|Any CPU
		{53E57CC0-89EB-4AB5-9469-39ECFFD46DAE}.Release|Any CPU.Build.0 = Release|Any CPU
		{053A06EE-4516-4087-8444-B3C4C8825893}.Debug|Any CPU.ActiveCfg = Debug|Any CPU
		{053A06EE-4516-4087-8444-B3C4C8825893}.Debug|Any CPU.Build.0 = Debug|Any CPU
		{053A06EE-4516-4087-8444-B3C4C8825893}.Release|Any CPU.ActiveCfg = Release|Any CPU
		{053A06EE-4516-4087-8444-B3C4C8825893}.Release|Any CPU.Build.0 = Release|Any CPU
	EndGlobalSection
	GlobalSection(SolutionProperties) = preSolution
		HideSolutionNode = FALSE
	EndGlobalSection
EndGlobal
